
Microsoft Visual Studio Solution File, Format Version 12.00
# Visual Studio Version 16
VisualStudioVersion = 16.0.31515.178
MinimumVisualStudioVersion = 10.0.40219.1
Project("{888888A0-9F3D-457C-B088-3A5042F75D52}") = "Iterative_and_Recursive_Functionality", "Iterative_and_Recursive_Functionality\Iterative_and_Recursive_Functionality.pyproj", "{A511CCF0-C00B-4258-BFC2-3F7FDF4A4D76}"
EndProject
Global
	GlobalSection(SolutionConfigurationPlatforms) = preSolution
		Debug|Any CPU = Debug|Any CPU
		Release|Any CPU = Release|Any CPU
	EndGlobalSection
	GlobalSection(ProjectConfigurationPlatforms) = postSolution
		{A511CCF0-C00B-4258-BFC2-3F7FDF4A4D76}.Debug|Any CPU.ActiveCfg = Debug|Any CPU
		{A511CCF0-C00B-4258-BFC2-3F7FDF4A4D76}.Release|Any CPU.ActiveCfg = Release|Any CPU
	EndGlobalSection
	GlobalSection(SolutionProperties) = preSolution
		HideSolutionNode = FALSE
	EndGlobalSection
	GlobalSection(ExtensibilityGlobals) = postSolution
		SolutionGuid = {04D40C54-353D-41B9-AA1B-765E033098A6}
	EndGlobalSection
EndGlobal
